
Microsoft Visual Studio Solution File, Format Version 12.00
# Visual Studio 14
VisualStudioVersion = 14.0.25420.1
MinimumVisualStudioVersion = 10.0.40219.1
Project("{FAE04EC0-301F-11D3-BF4B-00C04F79EFBC}") = "KendoUIExample", "KendoUIExample\KendoUIExample.csproj", "{FF2FAB58-BFD7-43A7-9696-5AE447EE1D37}"
EndProject
Project("{E24C65DC-7377-472B-9ABA-BC803B73C61A}") = "grid-page-methods-crud", "C:\Users\shohag\Desktop\kendo-examples-asp-net\grid-page-methods-crud\", "{83003D56-2AC7-488A-9DD8-EE8665C6C546}"
	ProjectSection(WebsiteProperties) = preProject
		TargetFrameworkMoniker = ".NETFramework,Version%3Dv4.0"
		Debug.AspNetCompiler.VirtualPath = "/grid-page-methods-crud"
		Debug.AspNetCompiler.PhysicalPath = "C:\Users\shohag\Desktop\kendo-examples-asp-net\grid-page-methods-crud\"
		Debug.AspNetCompiler.TargetPath = "PrecompiledWeb\grid-page-methods-crud\"
		Debug.AspNetCompiler.Updateable = "true"
		Debug.AspNetCompiler.ForceOverwrite = "true"
		Debug.AspNetCompiler.FixedNames = "false"
		Debug.AspNetCompiler.Debug = "True"
		Release.AspNetCompiler.VirtualPath = "/grid-page-methods-crud"
		Release.AspNetCompiler.PhysicalPath = "C:\Users\shohag\Desktop\kendo-examples-asp-net\grid-page-methods-crud\"
		Release.AspNetCompiler.TargetPath = "PrecompiledWeb\grid-page-methods-crud\"
		Release.AspNetCompiler.Updateable = "true"
		Release.AspNetCompiler.ForceOverwrite = "true"
		Release.AspNetCompiler.FixedNames = "false"
		Release.AspNetCompiler.Debug = "False"
		VWDPort = "60909"
		SlnRelativePath = "C:\Users\shohag\Desktop\kendo-examples-asp-net\grid-page-methods-crud\"
	EndProjectSection
EndProject
Global
	GlobalSection(SolutionConfigurationPlatforms) = preSolution
		Debug|Any CPU = Debug|Any CPU
		Release|Any CPU = Release|Any CPU
	EndGlobalSection
	GlobalSection(ProjectConfigurationPlatforms) = postSolution
		{FF2FAB58-BFD7-43A7-9696-5AE447EE1D37}.Debug|Any CPU.ActiveCfg = Debug|Any CPU
		{FF2FAB58-BFD7-43A7-9696-5AE447EE1D37}.Debug|Any CPU.Build.0 = Debug|Any CPU
		{FF2FAB58-BFD7-43A7-9696-5AE447EE1D37}.Release|Any CPU.ActiveCfg = Release|Any CPU
		{FF2FAB58-BFD7-43A7-9696-5AE447EE1D37}.Release|Any CPU.Build.0 = Release|Any CPU
		{83003D56-2AC7-488A-9DD8-EE8665C6C546}.Debug|Any CPU.ActiveCfg = Debug|Any CPU
		{83003D56-2AC7-488A-9DD8-EE8665C6C546}.Debug|Any CPU.Build.0 = Debug|Any CPU
		{83003D56-2AC7-488A-9DD8-EE8665C6C546}.Release|Any CPU.ActiveCfg = Debug|Any CPU
		{83003D56-2AC7-488A-9DD8-EE8665C6C546}.Release|Any CPU.Build.0 = Debug|Any CPU
	EndGlobalSection
	GlobalSection(SolutionProperties) = preSolution
		HideSolutionNode = FALSE
	EndGlobalSection
EndGlobal
